
Microsoft Visual Studio Solution File, Format Version 12.00
# Visual Studio Version 17
VisualStudioVersion = 17.14.37614.0 d17.14
MinimumVisualStudioVersion = 10.0.40219.1
Project("{FAE04EC0-301F-11D3-BF4B-00C04F79EFBC}") = "modbus", "modbus\modbus.csproj", "{40AB502D-E576-49A6-AD62-F89FDA5DE4D4}"
EndProject
Global
	GlobalSection(SolutionConfigurationPlatforms) = preSolution
		Debug|Any CPU = Debug|Any CPU
		Release|Any CPU = Release|Any CPU
	EndGlobalSection
	GlobalSection(ProjectConfigurationPlatforms) = postSolution
		{40AB502D-E576-49A6-AD62-F89FDA5DE4D4}.Debug|Any CPU.ActiveCfg = Debug|Any CPU
		{40AB502D-E576-49A6-AD62-F89FDA5DE4D4}.Debug|Any CPU.Build.0 = Debug|Any CPU
		{40AB502D-E576-49A6-AD62-F89FDA5DE4D4}.Release|Any CPU.ActiveCfg = Release|Any CPU
		{40AB502D-E576-49A6-AD62-F89FDA5DE4D4}.Release|Any CPU.Build.0 = Release|Any CPU
	EndGlobalSection
	GlobalSection(SolutionProperties) = preSolution
		HideSolutionNode = FALSE
	EndGlobalSection
	GlobalSection(ExtensibilityGlobals) = postSolution
		SolutionGuid = {3A36BFAD-2301-4CFA-A996-91222F26AD31}
	EndGlobalSection
EndGlobal
